
Microsoft Visual Studio Solution File, Format Version 12.00
# Visual Studio Version 17
VisualStudioVersion = 17.10.35013.160
MinimumVisualStudioVersion = 10.0.40219.1
Project("{FAE04EC0-301F-11D3-BF4B-00C04F79EFBC}") = "Mono lesson 1", "Mono lesson 1\Mono lesson 1.csproj", "{C42F961C-9E20-463E-9B2B-0B94E53FBF43}"
EndProject
Global
	GlobalSection(SolutionConfigurationPlatforms) = preSolution
		Debug|Any CPU = Debug|Any CPU
		Release|Any CPU = Release|Any CPU
	EndGlobalSection
	GlobalSection(ProjectConfigurationPlatforms) = postSolution
		{C42F961C-9E20-463E-9B2B-0B94E53FBF43}.Debug|Any CPU.ActiveCfg = Debug|Any CPU
		{C42F961C-9E20-463E-9B2B-0B94E53FBF43}.Debug|Any CPU.Build.0 = Debug|Any CPU
		{C42F961C-9E20-463E-9B2B-0B94E53FBF43}.Release|Any CPU.ActiveCfg = Release|Any CPU
		{C42F961C-9E20-463E-9B2B-0B94E53FBF43}.Release|Any CPU.Build.0 = Release|Any CPU
	EndGlobalSection
	GlobalSection(SolutionProperties) = preSolution
		HideSolutionNode = FALSE
	EndGlobalSection
	GlobalSection(ExtensibilityGlobals) = postSolution
		SolutionGuid = {3BFE9073-6E57-47F7-906F-212A97851DA2}
	EndGlobalSection
EndGlobal
